
Microsoft Visual Studio Solution File, Format Version 12.00
# Visual Studio Version 16
VisualStudioVersion = 25.0.1706.6
MinimumVisualStudioVersion = 10.0.40219.1
Project("{FAE04EC0-301F-11D3-BF4B-00C04F79EFBC}") = "Work_1", "Test_Barencev\Work_1.csproj", "{B1374877-2AA4-4366-ADB3-B1A3D85A7AC7}"
EndProject
Project("{FAE04EC0-301F-11D3-BF4B-00C04F79EFBC}") = "Work_2", "Work_2\Work_2.csproj", "{66DC9E12-4CEC-473B-82CD-24941657D282}"
EndProject
Project("{FAE04EC0-301F-11D3-BF4B-00C04F79EFBC}") = "Work_3", "Work_3\Work_3.csproj", "{87C8D9AA-DE20-43E1-BF1E-932860B8FBE2}"
EndProject
Project("{FAE04EC0-301F-11D3-BF4B-00C04F79EFBC}") = "Work_4", "Work_4\Work_4.csproj", "{68CC87E5-F0CD-48D6-BBDE-4CFB29E8DEA3}"
EndProject
Project("{FAE04EC0-301F-11D3-BF4B-00C04F79EFBC}") = "Work_5", "Work_5\Work_5.csproj", "{1C625917-D2DB-4EB6-9991-F033F46AE64F}"
EndProject
Project("{FAE04EC0-301F-11D3-BF4B-00C04F79EFBC}") = "Work_6", "Work_6\Work_6.csproj", "{B8D104EB-80A5-40B8-9F2E-E77F2E52A8F2}"
EndProject
Project("{FAE04EC0-301F-11D3-BF4B-00C04F79EFBC}") = "Addressbokk-test-data-generators", "Addressbokk-test-data-generators\Addressbokk-test-data-generators.csproj", "{82C64C64-4AB7-41A1-986D-181B9622AC98}"
EndProject
Global
	GlobalSection(SolutionConfigurationPlatforms) = preSolution
		Debug|Any CPU = Debug|Any CPU
		Release|Any CPU = Release|Any CPU
	EndGlobalSection
	GlobalSection(ProjectConfigurationPlatforms) = postSolution
		{B1374877-2AA4-4366-ADB3-B1A3D85A7AC7}.Debug|Any CPU.ActiveCfg = Debug|Any CPU
		{B1374877-2AA4-4366-ADB3-B1A3D85A7AC7}.Debug|Any CPU.Build.0 = Debug|Any CPU
		{B1374877-2AA4-4366-ADB3-B1A3D85A7AC7}.Release|Any CPU.ActiveCfg = Release|Any CPU
		{B1374877-2AA4-4366-ADB3-B1A3D85A7AC7}.Release|Any CPU.Build.0 = Release|Any CPU
		{66DC9E12-4CEC-473B-82CD-24941657D282}.Debug|Any CPU.ActiveCfg = Debug|Any CPU
		{66DC9E12-4CEC-473B-82CD-24941657D282}.Debug|Any CPU.Build.0 = Debug|Any CPU
		{66DC9E12-4CEC-473B-82CD-24941657D282}.Release|Any CPU.ActiveCfg = Release|Any CPU
		{66DC9E12-4CEC-473B-82CD-24941657D282}.Release|Any CPU.Build.0 = Release|Any CPU
		{87C8D9AA-DE20-43E1-BF1E-932860B8FBE2}.Debug|Any CPU.ActiveCfg = Debug|Any CPU
		{87C8D9AA-DE20-43E1-BF1E-932860B8FBE2}.Debug|Any CPU.Build.0 = Debug|Any CPU
		{87C8D9AA-DE20-43E1-BF1E-932860B8FBE2}.Release|Any CPU.ActiveCfg = Release|Any CPU
		{87C8D9AA-DE20-43E1-BF1E-932860B8FBE2}.Release|Any CPU.Build.0 = Release|Any CPU
		{68CC87E5-F0CD-48D6-BBDE-4CFB29E8DEA3}.Debug|Any CPU.ActiveCfg = Debug|Any CPU
		{68CC87E5-F0CD-48D6-BBDE-4CFB29E8DEA3}.Debug|Any CPU.Build.0 = Debug|Any CPU
		{68CC87E5-F0CD-48D6-BBDE-4CFB29E8DEA3}.Release|Any CPU.ActiveCfg = Release|Any CPU
		{68CC87E5-F0CD-48D6-BBDE-4CFB29E8DEA3}.Release|Any CPU.Build.0 = Release|Any CPU
		{1C625917-D2DB-4EB6-9991-F033F46AE64F}.Debug|Any CPU.ActiveCfg = Debug|Any CPU
		{1C625917-D2DB-4EB6-9991-F033F46AE64F}.Debug|Any CPU.Build.0 = Debug|Any CPU
		{1C625917-D2DB-4EB6-9991-F033F46AE64F}.Release|Any CPU.ActiveCfg = Release|Any CPU
		{1C625917-D2DB-4EB6-9991-F033F46AE64F}.Release|Any CPU.Build.0 = Release|Any CPU
		{B8D104EB-80A5-40B8-9F2E-E77F2E52A8F2}.Debug|Any CPU.ActiveCfg = Debug|Any CPU
		{B8D104EB-80A5-40B8-9F2E-E77F2E52A8F2}.Debug|Any CPU.Build.0 = Debug|Any CPU
		{B8D104EB-80A5-40B8-9F2E-E77F2E52A8F2}.Release|Any CPU.ActiveCfg = Release|Any CPU
		{B8D104EB-80A5-40B8-9F2E-E77F2E52A8F2}.Release|Any CPU.Build.0 = Release|Any CPU
		{82C64C64-4AB7-41A1-986D-181B9622AC98}.Debug|Any CPU.ActiveCfg = Debug|Any CPU
		{82C64C64-4AB7-41A1-986D-181B9622AC98}.Debug|Any CPU.Build.0 = Debug|Any CPU
		{82C64C64-4AB7-41A1-986D-181B9622AC98}.Release|Any CPU.ActiveCfg = Release|Any CPU
		{82C64C64-4AB7-41A1-986D-181B9622AC98}.Release|Any CPU.Build.0 = Release|Any CPU
	EndGlobalSection
	GlobalSection(SolutionProperties) = preSolution
		HideSolutionNode = FALSE
	EndGlobalSection
	GlobalSection(ExtensibilityGlobals) = postSolution
		SolutionGuid = {6F445776-AB91-4DFF-90E8-D9C456B2C9BC}
	EndGlobalSection
EndGlobal
